{
  "nodes": {
    "nixpkgs": {
      "locked": {
        "lastModified": 1790533781,
        "narHash": "sha256-hzJtu90JIQXnmgxKeP23CAx86G4L+dcQ+GHB1JK04qA=",
        "rev": "cf5e76507c6e23b59f7e0ffcc7baa2a39ddd8442",
        "type": "tarball",
        "url": "https://releases.nixos.org/nixos/26.05/nixos-26.05.10769.cf5e76507c6e/nixexprs.tar.zst"
      },
      "original": {
        "id": "nixpkgs",
        "ref": "nixos-26.05",
        "type": "indirect"
      }
    },
    "root": {
      "inputs": {
        "nixpkgs": "nixpkgs"
      }
    }
  },
  "root": "root",
  "version": 7
}
